
Microsoft Visual Studio Solution File, Format Version 12.00
# Visual Studio 14
VisualStudioVersion = 14.0.23107.0
MinimumVisualStudioVersion = 10.0.40219.1
Project("{FAE04EC0-301F-11D3-BF4B-00C04F79EFBC}") = "THREADS – BACKGROUND WORKER", "THREADS – BACKGROUND WORKER.csproj", "{A25258D3-3F42-4582-8D79-EBEE09EE363D}"
EndProject
Project("{FAE04EC0-301F-11D3-BF4B-00C04F79EFBC}") = "Visual Background Worker", "..\Visual Background Worker\Visual Background Worker.csproj", "{F843A83D-C845-4D70-92B3-6937ECA5A619}"
EndProject
Global
	GlobalSection(SolutionConfigurationPlatforms) = preSolution
		Debug|Any CPU = Debug|Any CPU
		Release|Any CPU = Release|Any CPU
	EndGlobalSection
	GlobalSection(ProjectConfigurationPlatforms) = postSolution
		{A25258D3-3F42-4582-8D79-EBEE09EE363D}.Debug|Any CPU.ActiveCfg = Debug|Any CPU
		{A25258D3-3F42-4582-8D79-EBEE09EE363D}.Debug|Any CPU.Build.0 = Debug|Any CPU
		{A25258D3-3F42-4582-8D79-EBEE09EE363D}.Release|Any CPU.ActiveCfg = Release|Any CPU
		{A25258D3-3F42-4582-8D79-EBEE09EE363D}.Release|Any CPU.Build.0 = Release|Any CPU
		{F843A83D-C845-4D70-92B3-6937ECA5A619}.Debug|Any CPU.ActiveCfg = Debug|Any CPU
		{F843A83D-C845-4D70-92B3-6937ECA5A619}.Debug|Any CPU.Build.0 = Debug|Any CPU
		{F843A83D-C845-4D70-92B3-6937ECA5A619}.Release|Any CPU.ActiveCfg = Release|Any CPU
		{F843A83D-C845-4D70-92B3-6937ECA5A619}.Release|Any CPU.Build.0 = Release|Any CPU
	EndGlobalSection
	GlobalSection(SolutionProperties) = preSolution
		HideSolutionNode = FALSE
	EndGlobalSection
EndGlobal
